// !$*UTF8*$!
{
	archiveVersion = 1;
	classes = {
	};
	objectVersion = 55;
	objects = {

/* Begin PBXBuildFile section */
		6F0443EF27BE3CA500F565F3 /* URLSession.swift in Sources */ = {isa = PBXBuildFile; fileRef = 6F0443EE27BE3CA500F565F3 /* URLSession.swift */; };
		6F0443F227BE3DC300F565F3 /* IngredientDTO.swift in Sources */ = {isa = PBXBuildFile; fileRef = 6F0443F127BE3DC300F565F3 /* IngredientDTO.swift */; };
		6F0443F427BE5E9B00F565F3 /* ParameterModel.swift in Sources */ = {isa = PBXBuildFile; fileRef = 6F0443F327BE5E9B00F565F3 /* ParameterModel.swift */; };
		6F0443F727BE7E8D00F565F3 /* IngredientDAO.swift in Sources */ = {isa = PBXBuildFile; fileRef = 6F0443F627BE7E8D00F565F3 /* IngredientDAO.swift */; };
		6F11388027B67D1E0048F029 /* IngredientModel.swift in Sources */ = {isa = PBXBuildFile; fileRef = 6F11387F27B67D1E0048F029 /* IngredientModel.swift */; };
		6F11388227B67E0B0048F029 /* Unite.swift in Sources */ = {isa = PBXBuildFile; fileRef = 6F11388127B67E0B0048F029 /* Unite.swift */; };
		6F11388527B687460048F029 /* IngredientViewModel.swift in Sources */ = {isa = PBXBuildFile; fileRef = 6F11388427B687460048F029 /* IngredientViewModel.swift */; };
		6F11388727B69A070048F029 /* IngredientModifyView.swift in Sources */ = {isa = PBXBuildFile; fileRef = 6F11388627B69A070048F029 /* IngredientModifyView.swift */; };
		6F11388927B6A5A90048F029 /* IngredientAddView.swift in Sources */ = {isa = PBXBuildFile; fileRef = 6F11388827B6A5A90048F029 /* IngredientAddView.swift */; };
		6F1BD40C27B9AFBC001E50AA /* IngredientChoiceEntriesView.swift in Sources */ = {isa = PBXBuildFile; fileRef = 6F1BD40B27B9AFBC001E50AA /* IngredientChoiceEntriesView.swift */; };
		6F1BD40E27B9B2AF001E50AA /* CategoryEntriesView.swift in Sources */ = {isa = PBXBuildFile; fileRef = 6F1BD40D27B9B2AF001E50AA /* CategoryEntriesView.swift */; };
		6F1BD41027B9B2CF001E50AA /* EntriesView.swift in Sources */ = {isa = PBXBuildFile; fileRef = 6F1BD40F27B9B2CF001E50AA /* EntriesView.swift */; };
		6F212FD727BD0DED00E32435 /* ParameterView.swift in Sources */ = {isa = PBXBuildFile; fileRef = 6F212FD627BD0DED00E32435 /* ParameterView.swift */; };
		6F2FF76827B54E4300ED2EE0 /* HomeView.swift in Sources */ = {isa = PBXBuildFile; fileRef = 6F2FF76727B54E4300ED2EE0 /* HomeView.swift */; };
		6F2FF76D27B564C600ED2EE0 /* MyColors.swift in Sources */ = {isa = PBXBuildFile; fileRef = 6F2FF76C27B564C600ED2EE0 /* MyColors.swift */; };
		6F2FF77227B57A3000ED2EE0 /* MercurialMenuView.swift in Sources */ = {isa = PBXBuildFile; fileRef = 6F2FF77127B57A3000ED2EE0 /* MercurialMenuView.swift */; };
		6F2FF77427B57AB600ED2EE0 /* FTMenuView.swift in Sources */ = {isa = PBXBuildFile; fileRef = 6F2FF77327B57AB600ED2EE0 /* FTMenuView.swift */; };
		6F2FF77627B5812200ED2EE0 /* StocksMenuView.swift in Sources */ = {isa = PBXBuildFile; fileRef = 6F2FF77527B5812200ED2EE0 /* StocksMenuView.swift */; };
		6F43CB9B27C2D52D001A39C5 /* CustomIngredientListView.swift in Sources */ = {isa = PBXBuildFile; fileRef = 6F43CB9A27C2D52D001A39C5 /* CustomIngredientListView.swift */; };
		6F43CB9D27C2F139001A39C5 /* CustomFTListView.swift in Sources */ = {isa = PBXBuildFile; fileRef = 6F43CB9C27C2F139001A39C5 /* CustomFTListView.swift */; };
		6F43CBA027C38EB9001A39C5 /* ListIngredientIntent.swift in Sources */ = {isa = PBXBuildFile; fileRef = 6F43CB9F27C38EB9001A39C5 /* ListIngredientIntent.swift */; };
		6F43CBA227C39515001A39C5 /* ListIngredientModel.swift in Sources */ = {isa = PBXBuildFile; fileRef = 6F43CBA127C39515001A39C5 /* ListIngredientModel.swift */; };
		6F43CBA427C39C1A001A39C5 /* CategoriesModel.swift in Sources */ = {isa = PBXBuildFile; fileRef = 6F43CBA327C39C1A001A39C5 /* CategoriesModel.swift */; };
		6F43CBA627C39F62001A39C5 /* ListCategoriesModel.swift in Sources */ = {isa = PBXBuildFile; fileRef = 6F43CBA527C39F62001A39C5 /* ListCategoriesModel.swift */; };
		6F43CBA827C39FF3001A39C5 /* ListCategorieFTViewModel.swift in Sources */ = {isa = PBXBuildFile; fileRef = 6F43CBA727C39FF3001A39C5 /* ListCategorieFTViewModel.swift */; };
		6F43CBAA27C3A095001A39C5 /* CategoriesDAO.swift in Sources */ = {isa = PBXBuildFile; fileRef = 6F43CBA927C3A095001A39C5 /* CategoriesDAO.swift */; };
		6F43CBAC27C3A129001A39C5 /* CategorieDTO.swift in Sources */ = {isa = PBXBuildFile; fileRef = 6F43CBAB27C3A129001A39C5 /* CategorieDTO.swift */; };
		6F43CBAE27C4362B001A39C5 /* CustomIntStepperView.swift in Sources */ = {isa = PBXBuildFile; fileRef = 6F43CBAD27C4362B001A39C5 /* CustomIntStepperView.swift */; };
		6F43CBB027C44087001A39C5 /* ListCategoriesViewModel.swift in Sources */ = {isa = PBXBuildFile; fileRef = 6F43CBAF27C44087001A39C5 /* ListCategoriesViewModel.swift */; };
		6F43CBB227C46ABB001A39C5 /* IngredientIntent.swift in Sources */ = {isa = PBXBuildFile; fileRef = 6F43CBB127C46ABB001A39C5 /* IngredientIntent.swift */; };
		6F54E93227B1E8CA009DF2F6 /* Front_DAM_Project_2022App.swift in Sources */ = {isa = PBXBuildFile; fileRef = 6F54E93127B1E8CA009DF2F6 /* Front_DAM_Project_2022App.swift */; };
		6F54E93427B1E8CA009DF2F6 /* ContentView.swift in Sources */ = {isa = PBXBuildFile; fileRef = 6F54E93327B1E8CA009DF2F6 /* ContentView.swift */; };
		6F54E93627B1E8CB009DF2F6 /* Assets.xcassets in Resources */ = {isa = PBXBuildFile; fileRef = 6F54E93527B1E8CB009DF2F6 /* Assets.xcassets */; };
		6F54E93927B1E8CB009DF2F6 /* Preview Assets.xcassets in Resources */ = {isa = PBXBuildFile; fileRef = 6F54E93827B1E8CB009DF2F6 /* Preview Assets.xcassets */; };
		6F54E94327B1E8CB009DF2F6 /* Front_DAM_Project_2022Tests.swift in Sources */ = {isa = PBXBuildFile; fileRef = 6F54E94227B1E8CB009DF2F6 /* Front_DAM_Project_2022Tests.swift */; };
		6F54E94D27B1E8CB009DF2F6 /* Front_DAM_Project_2022UITests.swift in Sources */ = {isa = PBXBuildFile; fileRef = 6F54E94C27B1E8CB009DF2F6 /* Front_DAM_Project_2022UITests.swift */; };
		6F54E94F27B1E8CB009DF2F6 /* Front_DAM_Project_2022UITestsLaunchTests.swift in Sources */ = {isa = PBXBuildFile; fileRef = 6F54E94E27B1E8CB009DF2F6 /* Front_DAM_Project_2022UITestsLaunchTests.swift */; };
		6F54E96527B1EDEC009DF2F6 /* MercurialView.swift in Sources */ = {isa = PBXBuildFile; fileRef = 6F54E96427B1EDEC009DF2F6 /* MercurialView.swift */; };
		6F835C1927BED2DB009DCA40 /* ParameterDAO.swift in Sources */ = {isa = PBXBuildFile; fileRef = 6F835C1827BED2DB009DCA40 /* ParameterDAO.swift */; };
		6F835C1B27BED363009DCA40 /* ParameterDTO.swift in Sources */ = {isa = PBXBuildFile; fileRef = 6F835C1A27BED363009DCA40 /* ParameterDTO.swift */; };
		6F835C1E27BEDEE5009DCA40 /* ParametersViewModel.swift in Sources */ = {isa = PBXBuildFile; fileRef = 6F835C1D27BEDEE5009DCA40 /* ParametersViewModel.swift */; };
		6F835C2027BEEAFA009DCA40 /* CustomDoubleStepperView.swift in Sources */ = {isa = PBXBuildFile; fileRef = 6F835C1F27BEEAFA009DCA40 /* CustomDoubleStepperView.swift */; };
		6F87804B27C919E800690706 /* ModifyStocksView.swift in Sources */ = {isa = PBXBuildFile; fileRef = 6F87804A27C919E800690706 /* ModifyStocksView.swift */; };
		6F87804D27C91EEE00690706 /* IngredientStockChoiceView.swift in Sources */ = {isa = PBXBuildFile; fileRef = 6F87804C27C91EEE00690706 /* IngredientStockChoiceView.swift */; };
		6F87804F27CCE3A000690706 /* IngredientStockView.swift in Sources */ = {isa = PBXBuildFile; fileRef = 6F87804E27CCE3A000690706 /* IngredientStockView.swift */; };
		6F87805127CCF56F00690706 /* ListOfIngredientViewModel.swift in Sources */ = {isa = PBXBuildFile; fileRef = 6F87805027CCF56F00690706 /* ListOfIngredientViewModel.swift */; };
		6F87805327CD29DB00690706 /* ListPhasesView.swift in Sources */ = {isa = PBXBuildFile; fileRef = 6F87805227CD29DB00690706 /* ListPhasesView.swift */; };
		6F94B3BE27C5116E00AF909A /* CategoryChoiceView.swift in Sources */ = {isa = PBXBuildFile; fileRef = 6F94B3BD27C5116E00AF909A /* CategoryChoiceView.swift */; };
		6F9EA34727BD770F0024DAB1 /* FTChoiceView.swift in Sources */ = {isa = PBXBuildFile; fileRef = 6F9EA34627BD770F0024DAB1 /* FTChoiceView.swift */; };
		6F9EA34927BD7D2B0024DAB1 /* ListIngredientViewModel.swift in Sources */ = {isa = PBXBuildFile; fileRef = 6F9EA34827BD7D2B0024DAB1 /* ListIngredientViewModel.swift */; };
		6F9EA34B27BDA1730024DAB1 /* FicheTechniqueModel.swift in Sources */ = {isa = PBXBuildFile; fileRef = 6F9EA34A27BDA1730024DAB1 /* FicheTechniqueModel.swift */; };
		6F9EA34F27BDA29B0024DAB1 /* FicheTechniqueViewModel.swift in Sources */ = {isa = PBXBuildFile; fileRef = 6F9EA34E27BDA29B0024DAB1 /* FicheTechniqueViewModel.swift */; };
		6F9EA35127BDA3630024DAB1 /* ListFicheTechniqueViewModel.swift in Sources */ = {isa = PBXBuildFile; fileRef = 6F9EA35027BDA3630024DAB1 /* ListFicheTechniqueViewModel.swift */; };
		6FABF0F927C6D4F300EA9AAA /* PhaseDTO.swift in Sources */ = {isa = PBXBuildFile; fileRef = 6FABF0F827C6D4F300EA9AAA /* PhaseDTO.swift */; };
		6FABF0FB27C7740D00EA9AAA /* PhaseModel.swift in Sources */ = {isa = PBXBuildFile; fileRef = 6FABF0FA27C7740D00EA9AAA /* PhaseModel.swift */; };
		6FABF0FE27C7E56A00EA9AAA /* GlobalFicheInformationView.swift in Sources */ = {isa = PBXBuildFile; fileRef = 6FABF0FD27C7E56A00EA9AAA /* GlobalFicheInformationView.swift */; };
		6FB656FF27BD374C006F5146 /* JSONHelper.swift in Sources */ = {isa = PBXBuildFile; fileRef = 6FB656FE27BD374C006F5146 /* JSONHelper.swift */; };
		6FCAC3B827BCF77B006ADDDC /* RealizeSalesView.swift in Sources */ = {isa = PBXBuildFile; fileRef = 6FCAC3B727BCF77B006ADDDC /* RealizeSalesView.swift */; };
		6FCAC3BA27BCFDBB006ADDDC /* FTView.swift in Sources */ = {isa = PBXBuildFile; fileRef = 6FCAC3B927BCFDBB006ADDDC /* FTView.swift */; };
		6FCAC3BC27BCFF0D006ADDDC /* FTDetailView.swift in Sources */ = {isa = PBXBuildFile; fileRef = 6FCAC3BB27BCFF0D006ADDDC /* FTDetailView.swift */; };
		6FE2A6C327BFDF7300EEF94D /* AllergenesView.swift in Sources */ = {isa = PBXBuildFile; fileRef = 6FE2A6C227BFDF7300EEF94D /* AllergenesView.swift */; };
		6FE2A6C527BFEF9B00EEF94D /* FicheTechniqueDTO.swift in Sources */ = {isa = PBXBuildFile; fileRef = 6FE2A6C427BFEF9B00EEF94D /* FicheTechniqueDTO.swift */; };
		6FE2A6C727BFF5A500EEF94D /* FicheTechniqueDAO.swift in Sources */ = {isa = PBXBuildFile; fileRef = 6FE2A6C627BFF5A500EEF94D /* FicheTechniqueDAO.swift */; };
		6FED6DE427B5A2EB000649E8 /* SearchBarView.swift in Sources */ = {isa = PBXBuildFile; fileRef = 6FED6DE327B5A2EB000649E8 /* SearchBarView.swift */; };
		6FED6DE627B5AF97000649E8 /* IngredientDetailView.swift in Sources */ = {isa = PBXBuildFile; fileRef = 6FED6DE527B5AF97000649E8 /* IngredientDetailView.swift */; };
/* End PBXBuildFile section */

/* Begin PBXContainerItemProxy section */
		6F54E93F27B1E8CB009DF2F6 /* PBXContainerItemProxy */ = {
			isa = PBXContainerItemProxy;
			containerPortal = 6F54E92627B1E8CA009DF2F6 /* Project object */;
			proxyType = 1;
			remoteGlobalIDString = 6F54E92D27B1E8CA009DF2F6;
			remoteInfo = "Front DAM Project 2022";
		};
		6F54E94927B1E8CB009DF2F6 /* PBXContainerItemProxy */ = {
			isa = PBXContainerItemProxy;
			containerPortal = 6F54E92627B1E8CA009DF2F6 /* Project object */;
			proxyType = 1;
			remoteGlobalIDString = 6F54E92D27B1E8CA009DF2F6;
			remoteInfo = "Front DAM Project 2022";
		};
/* End PBXContainerItemProxy section */

/* Begin PBXFileReference section */
		6F0443EE27BE3CA500F565F3 /* URLSession.swift */ = {isa = PBXFileReference; lastKnownFileType = sourcecode.swift; path = URLSession.swift; sourceTree = "<group>"; };
		6F0443F127BE3DC300F565F3 /* IngredientDTO.swift */ = {isa = PBXFileReference; lastKnownFileType = sourcecode.swift; path = IngredientDTO.swift; sourceTree = "<group>"; };
		6F0443F327BE5E9B00F565F3 /* ParameterModel.swift */ = {isa = PBXFileReference; lastKnownFileType = sourcecode.swift; path = ParameterModel.swift; sourceTree = "<group>"; };
		6F0443F627BE7E8D00F565F3 /* IngredientDAO.swift */ = {isa = PBXFileReference; lastKnownFileType = sourcecode.swift; path = IngredientDAO.swift; sourceTree = "<group>"; };
		6F11387F27B67D1E0048F029 /* IngredientModel.swift */ = {isa = PBXFileReference; lastKnownFileType = sourcecode.swift; path = IngredientModel.swift; sourceTree = "<group>"; };
		6F11388127B67E0B0048F029 /* Unite.swift */ = {isa = PBXFileReference; lastKnownFileType = sourcecode.swift; path = Unite.swift; sourceTree = "<group>"; };
		6F11388427B687460048F029 /* IngredientViewModel.swift */ = {isa = PBXFileReference; lastKnownFileType = sourcecode.swift; path = IngredientViewModel.swift; sourceTree = "<group>"; };
		6F11388627B69A070048F029 /* IngredientModifyView.swift */ = {isa = PBXFileReference; lastKnownFileType = sourcecode.swift; path = IngredientModifyView.swift; sourceTree = "<group>"; };
		6F11388827B6A5A90048F029 /* IngredientAddView.swift */ = {isa = PBXFileReference; lastKnownFileType = sourcecode.swift; path = IngredientAddView.swift; sourceTree = "<group>"; };
		6F1BD40B27B9AFBC001E50AA /* IngredientChoiceEntriesView.swift */ = {isa = PBXFileReference; lastKnownFileType = sourcecode.swift; path = IngredientChoiceEntriesView.swift; sourceTree = "<group>"; };
		6F1BD40D27B9B2AF001E50AA /* CategoryEntriesView.swift */ = {isa = PBXFileReference; lastKnownFileType = sourcecode.swift; path = CategoryEntriesView.swift; sourceTree = "<group>"; };
		6F1BD40F27B9B2CF001E50AA /* EntriesView.swift */ = {isa = PBXFileReference; lastKnownFileType = sourcecode.swift; path = EntriesView.swift; sourceTree = "<group>"; };
		6F212FD627BD0DED00E32435 /* ParameterView.swift */ = {isa = PBXFileReference; lastKnownFileType = sourcecode.swift; path = ParameterView.swift; sourceTree = "<group>"; };
		6F2FF76727B54E4300ED2EE0 /* HomeView.swift */ = {isa = PBXFileReference; lastKnownFileType = sourcecode.swift; path = HomeView.swift; sourceTree = "<group>"; };
		6F2FF76C27B564C600ED2EE0 /* MyColors.swift */ = {isa = PBXFileReference; lastKnownFileType = sourcecode.swift; path = MyColors.swift; sourceTree = "<group>"; };
		6F2FF77127B57A3000ED2EE0 /* MercurialMenuView.swift */ = {isa = PBXFileReference; lastKnownFileType = sourcecode.swift; path = MercurialMenuView.swift; sourceTree = "<group>"; };
		6F2FF77327B57AB600ED2EE0 /* FTMenuView.swift */ = {isa = PBXFileReference; lastKnownFileType = sourcecode.swift; path = FTMenuView.swift; sourceTree = "<group>"; };
		6F2FF77527B5812200ED2EE0 /* StocksMenuView.swift */ = {isa = PBXFileReference; lastKnownFileType = sourcecode.swift; path = StocksMenuView.swift; sourceTree = "<group>"; };
		6F43CB9A27C2D52D001A39C5 /* CustomIngredientListView.swift */ = {isa = PBXFileReference; lastKnownFileType = sourcecode.swift; path = CustomIngredientListView.swift; sourceTree = "<group>"; };
		6F43CB9C27C2F139001A39C5 /* CustomFTListView.swift */ = {isa = PBXFileReference; lastKnownFileType = sourcecode.swift; path = CustomFTListView.swift; sourceTree = "<group>"; };
		6F43CB9F27C38EB9001A39C5 /* ListIngredientIntent.swift */ = {isa = PBXFileReference; lastKnownFileType = sourcecode.swift; path = ListIngredientIntent.swift; sourceTree = "<group>"; };
		6F43CBA127C39515001A39C5 /* ListIngredientModel.swift */ = {isa = PBXFileReference; lastKnownFileType = sourcecode.swift; path = ListIngredientModel.swift; sourceTree = "<group>"; };
		6F43CBA327C39C1A001A39C5 /* CategoriesModel.swift */ = {isa = PBXFileReference; lastKnownFileType = sourcecode.swift; path = CategoriesModel.swift; sourceTree = "<group>"; };
		6F43CBA527C39F62001A39C5 /* ListCategoriesModel.swift */ = {isa = PBXFileReference; lastKnownFileType = sourcecode.swift; path = ListCategoriesModel.swift; sourceTree = "<group>"; };
		6F43CBA727C39FF3001A39C5 /* ListCategorieFTViewModel.swift */ = {isa = PBXFileReference; lastKnownFileType = sourcecode.swift; path = ListCategorieFTViewModel.swift; sourceTree = "<group>"; };
		6F43CBA927C3A095001A39C5 /* CategoriesDAO.swift */ = {isa = PBXFileReference; lastKnownFileType = sourcecode.swift; path = CategoriesDAO.swift; sourceTree = "<group>"; };
		6F43CBAB27C3A129001A39C5 /* CategorieDTO.swift */ = {isa = PBXFileReference; lastKnownFileType = sourcecode.swift; path = CategorieDTO.swift; sourceTree = "<group>"; };
		6F43CBAD27C4362B001A39C5 /* CustomIntStepperView.swift */ = {isa = PBXFileReference; lastKnownFileType = sourcecode.swift; path = CustomIntStepperView.swift; sourceTree = "<group>"; };
		6F43CBAF27C44087001A39C5 /* ListCategoriesViewModel.swift */ = {isa = PBXFileReference; lastKnownFileType = sourcecode.swift; path = ListCategoriesViewModel.swift; sourceTree = "<group>"; };
		6F43CBB127C46ABB001A39C5 /* IngredientIntent.swift */ = {isa = PBXFileReference; lastKnownFileType = sourcecode.swift; path = IngredientIntent.swift; sourceTree = "<group>"; };
		6F54E92E27B1E8CA009DF2F6 /* Front DAM Project 2022.app */ = {isa = PBXFileReference; explicitFileType = wrapper.application; includeInIndex = 0; path = "Front DAM Project 2022.app"; sourceTree = BUILT_PRODUCTS_DIR; };
		6F54E93127B1E8CA009DF2F6 /* Front_DAM_Project_2022App.swift */ = {isa = PBXFileReference; lastKnownFileType = sourcecode.swift; path = Front_DAM_Project_2022App.swift; sourceTree = "<group>"; };
		6F54E93327B1E8CA009DF2F6 /* ContentView.swift */ = {isa = PBXFileReference; lastKnownFileType = sourcecode.swift; path = ContentView.swift; sourceTree = "<group>"; };
		6F54E93527B1E8CB009DF2F6 /* Assets.xcassets */ = {isa = PBXFileReference; lastKnownFileType = folder.assetcatalog; path = Assets.xcassets; sourceTree = "<group>"; };
		6F54E93827B1E8CB009DF2F6 /* Preview Assets.xcassets */ = {isa = PBXFileReference; lastKnownFileType = folder.assetcatalog; path = "Preview Assets.xcassets"; sourceTree = "<group>"; };
		6F54E93E27B1E8CB009DF2F6 /* Front DAM Project 2022Tests.xctest */ = {isa = PBXFileReference; explicitFileType = wrapper.cfbundle; includeInIndex = 0; path = "Front DAM Project 2022Tests.xctest"; sourceTree = BUILT_PRODUCTS_DIR; };
		6F54E94227B1E8CB009DF2F6 /* Front_DAM_Project_2022Tests.swift */ = {isa = PBXFileReference; lastKnownFileType = sourcecode.swift; path = Front_DAM_Project_2022Tests.swift; sourceTree = "<group>"; };
		6F54E94827B1E8CB009DF2F6 /* Front DAM Project 2022UITests.xctest */ = {isa = PBXFileReference; explicitFileType = wrapper.cfbundle; includeInIndex = 0; path = "Front DAM Project 2022UITests.xctest"; sourceTree = BUILT_PRODUCTS_DIR; };
		6F54E94C27B1E8CB009DF2F6 /* Front_DAM_Project_2022UITests.swift */ = {isa = PBXFileReference; lastKnownFileType = sourcecode.swift; path = Front_DAM_Project_2022UITests.swift; sourceTree = "<group>"; };
		6F54E94E27B1E8CB009DF2F6 /* Front_DAM_Project_2022UITestsLaunchTests.swift */ = {isa = PBXFileReference; lastKnownFileType = sourcecode.swift; path = Front_DAM_Project_2022UITestsLaunchTests.swift; sourceTree = "<group>"; };
		6F54E96427B1EDEC009DF2F6 /* MercurialView.swift */ = {isa = PBXFileReference; lastKnownFileType = sourcecode.swift; path = MercurialView.swift; sourceTree = "<group>"; };
		6F835C1827BED2DB009DCA40 /* ParameterDAO.swift */ = {isa = PBXFileReference; lastKnownFileType = sourcecode.swift; path = ParameterDAO.swift; sourceTree = "<group>"; };
		6F835C1A27BED363009DCA40 /* ParameterDTO.swift */ = {isa = PBXFileReference; lastKnownFileType = sourcecode.swift; path = ParameterDTO.swift; sourceTree = "<group>"; };
		6F835C1D27BEDEE5009DCA40 /* ParametersViewModel.swift */ = {isa = PBXFileReference; lastKnownFileType = sourcecode.swift; path = ParametersViewModel.swift; sourceTree = "<group>"; };
		6F835C1F27BEEAFA009DCA40 /* CustomDoubleStepperView.swift */ = {isa = PBXFileReference; lastKnownFileType = sourcecode.swift; path = CustomDoubleStepperView.swift; sourceTree = "<group>"; };
		6F87804A27C919E800690706 /* ModifyStocksView.swift */ = {isa = PBXFileReference; lastKnownFileType = sourcecode.swift; path = ModifyStocksView.swift; sourceTree = "<group>"; };
		6F87804C27C91EEE00690706 /* IngredientStockChoiceView.swift */ = {isa = PBXFileReference; lastKnownFileType = sourcecode.swift; path = IngredientStockChoiceView.swift; sourceTree = "<group>"; };
		6F87804E27CCE3A000690706 /* IngredientStockView.swift */ = {isa = PBXFileReference; lastKnownFileType = sourcecode.swift; path = IngredientStockView.swift; sourceTree = "<group>"; };
		6F87805027CCF56F00690706 /* ListOfIngredientViewModel.swift */ = {isa = PBXFileReference; lastKnownFileType = sourcecode.swift; path = ListOfIngredientViewModel.swift; sourceTree = "<group>"; };
		6F87805227CD29DB00690706 /* ListPhasesView.swift */ = {isa = PBXFileReference; lastKnownFileType = sourcecode.swift; path = ListPhasesView.swift; sourceTree = "<group>"; };
		6F94B3BD27C5116E00AF909A /* CategoryChoiceView.swift */ = {isa = PBXFileReference; lastKnownFileType = sourcecode.swift; path = CategoryChoiceView.swift; sourceTree = "<group>"; };
		6F9EA34627BD770F0024DAB1 /* FTChoiceView.swift */ = {isa = PBXFileReference; lastKnownFileType = sourcecode.swift; path = FTChoiceView.swift; sourceTree = "<group>"; };
		6F9EA34827BD7D2B0024DAB1 /* ListIngredientViewModel.swift */ = {isa = PBXFileReference; lastKnownFileType = sourcecode.swift; path = ListIngredientViewModel.swift; sourceTree = "<group>"; };
		6F9EA34A27BDA1730024DAB1 /* FicheTechniqueModel.swift */ = {isa = PBXFileReference; lastKnownFileType = sourcecode.swift; path = FicheTechniqueModel.swift; sourceTree = "<group>"; };
		6F9EA34E27BDA29B0024DAB1 /* FicheTechniqueViewModel.swift */ = {isa = PBXFileReference; lastKnownFileType = sourcecode.swift; path = FicheTechniqueViewModel.swift; sourceTree = "<group>"; };
		6F9EA35027BDA3630024DAB1 /* ListFicheTechniqueViewModel.swift */ = {isa = PBXFileReference; lastKnownFileType = sourcecode.swift; path = ListFicheTechniqueViewModel.swift; sourceTree = "<group>"; };
		6FABF0F827C6D4F300EA9AAA /* PhaseDTO.swift */ = {isa = PBXFileReference; lastKnownFileType = sourcecode.swift; path = PhaseDTO.swift; sourceTree = "<group>"; };
		6FABF0FA27C7740D00EA9AAA /* PhaseModel.swift */ = {isa = PBXFileReference; lastKnownFileType = sourcecode.swift; path = PhaseModel.swift; sourceTree = "<group>"; };
		6FABF0FD27C7E56A00EA9AAA /* GlobalFicheInformationView.swift */ = {isa = PBXFileReference; lastKnownFileType = sourcecode.swift; path = GlobalFicheInformationView.swift; sourceTree = "<group>"; };
		6FB656FE27BD374C006F5146 /* JSONHelper.swift */ = {isa = PBXFileReference; lastKnownFileType = sourcecode.swift; path = JSONHelper.swift; sourceTree = "<group>"; };
		6FCAC3B727BCF77B006ADDDC /* RealizeSalesView.swift */ = {isa = PBXFileReference; lastKnownFileType = sourcecode.swift; path = RealizeSalesView.swift; sourceTree = "<group>"; };
		6FCAC3B927BCFDBB006ADDDC /* FTView.swift */ = {isa = PBXFileReference; lastKnownFileType = sourcecode.swift; path = FTView.swift; sourceTree = "<group>"; };
		6FCAC3BB27BCFF0D006ADDDC /* FTDetailView.swift */ = {isa = PBXFileReference; lastKnownFileType = sourcecode.swift; path = FTDetailView.swift; sourceTree = "<group>"; };
		6FE2A6C227BFDF7300EEF94D /* AllergenesView.swift */ = {isa = PBXFileReference; lastKnownFileType = sourcecode.swift; path = AllergenesView.swift; sourceTree = "<group>"; };
		6FE2A6C427BFEF9B00EEF94D /* FicheTechniqueDTO.swift */ = {isa = PBXFileReference; lastKnownFileType = sourcecode.swift; path = FicheTechniqueDTO.swift; sourceTree = "<group>"; };
		6FE2A6C627BFF5A500EEF94D /* FicheTechniqueDAO.swift */ = {isa = PBXFileReference; lastKnownFileType = sourcecode.swift; path = FicheTechniqueDAO.swift; sourceTree = "<group>"; };
		6FED6DE327B5A2EB000649E8 /* SearchBarView.swift */ = {isa = PBXFileReference; lastKnownFileType = sourcecode.swift; path = SearchBarView.swift; sourceTree = "<group>"; };
		6FED6DE527B5AF97000649E8 /* IngredientDetailView.swift */ = {isa = PBXFileReference; lastKnownFileType = sourcecode.swift; path = IngredientDetailView.swift; sourceTree = "<group>"; };
/* End PBXFileReference section */

/* Begin PBXFrameworksBuildPhase section */
		6F54E92B27B1E8CA009DF2F6 /* Frameworks */ = {
			isa = PBXFrameworksBuildPhase;
			buildActionMask = 2147483647;
			files = (
			);
			runOnlyForDeploymentPostprocessing = 0;
		};
		6F54E93B27B1E8CB009DF2F6 /* Frameworks */ = {
			isa = PBXFrameworksBuildPhase;
			buildActionMask = 2147483647;
			files = (
			);
			runOnlyForDeploymentPostprocessing = 0;
		};
		6F54E94527B1E8CB009DF2F6 /* Frameworks */ = {
			isa = PBXFrameworksBuildPhase;
			buildActionMask = 2147483647;
			files = (
			);
			runOnlyForDeploymentPostprocessing = 0;
		};
/* End PBXFrameworksBuildPhase section */

/* Begin PBXGroup section */
		6F0443F027BE3D9200F565F3 /* DTO */ = {
			isa = PBXGroup;
			children = (
				6F0443F127BE3DC300F565F3 /* IngredientDTO.swift */,
				6F835C1A27BED363009DCA40 /* ParameterDTO.swift */,
				6FE2A6C427BFEF9B00EEF94D /* FicheTechniqueDTO.swift */,
				6F43CBAB27C3A129001A39C5 /* CategorieDTO.swift */,
				6FABF0F827C6D4F300EA9AAA /* PhaseDTO.swift */,
			);
			path = DTO;
			sourceTree = "<group>";
		};
		6F0443F527BE7E7A00F565F3 /* DAO */ = {
			isa = PBXGroup;
			children = (
				6F0443F627BE7E8D00F565F3 /* IngredientDAO.swift */,
				6F835C1827BED2DB009DCA40 /* ParameterDAO.swift */,
				6FE2A6C627BFF5A500EEF94D /* FicheTechniqueDAO.swift */,
				6F43CBA927C3A095001A39C5 /* CategoriesDAO.swift */,
			);
			path = DAO;
			sourceTree = "<group>";
		};
		6F11387E27B67CE20048F029 /* Ingredient */ = {
			isa = PBXGroup;
			children = (
				6F11387F27B67D1E0048F029 /* IngredientModel.swift */,
				6F11388127B67E0B0048F029 /* Unite.swift */,
				6F43CBA127C39515001A39C5 /* ListIngredientModel.swift */,
			);
			path = Ingredient;
			sourceTree = "<group>";
		};
		6F11388327B6872E0048F029 /* Ingredient */ = {
			isa = PBXGroup;
			children = (
				6F11388427B687460048F029 /* IngredientViewModel.swift */,
				6F9EA34827BD7D2B0024DAB1 /* ListIngredientViewModel.swift */,
				6F43CBAF27C44087001A39C5 /* ListCategoriesViewModel.swift */,
				6F87805027CCF56F00690706 /* ListOfIngredientViewModel.swift */,
			);
			path = Ingredient;
			sourceTree = "<group>";
		};
		6F212FD527BD0DDC00E32435 /* Parameter */ = {
			isa = PBXGroup;
			children = (
				6F212FD627BD0DED00E32435 /* ParameterView.swift */,
			);
			path = Parameter;
			sourceTree = "<group>";
		};
		6F2FF76B27B564A500ED2EE0 /* Utils */ = {
			isa = PBXGroup;
			children = (
				6F2FF76C27B564C600ED2EE0 /* MyColors.swift */,
				6F0443F327BE5E9B00F565F3 /* ParameterModel.swift */,
			);
			path = Utils;
			sourceTree = "<group>";
		};
		6F2FF76E27B578AE00ED2EE0 /* Menus */ = {
			isa = PBXGroup;
			children = (
				6F2FF77127B57A3000ED2EE0 /* MercurialMenuView.swift */,
				6F2FF77327B57AB600ED2EE0 /* FTMenuView.swift */,
				6F2FF77527B5812200ED2EE0 /* StocksMenuView.swift */,
			);
			path = Menus;
			sourceTree = "<group>";
		};
		6F54E92527B1E8CA009DF2F6 = {
			isa = PBXGroup;
			children = (
				6F54E93027B1E8CA009DF2F6 /* Front DAM Project 2022 */,
				6F54E94127B1E8CB009DF2F6 /* Front DAM Project 2022Tests */,
				6F54E94B27B1E8CB009DF2F6 /* Front DAM Project 2022UITests */,
				6F54E92F27B1E8CA009DF2F6 /* Products */,
			);
			sourceTree = "<group>";
		};
		6F54E92F27B1E8CA009DF2F6 /* Products */ = {
			isa = PBXGroup;
			children = (
				6F54E92E27B1E8CA009DF2F6 /* Front DAM Project 2022.app */,
				6F54E93E27B1E8CB009DF2F6 /* Front DAM Project 2022Tests.xctest */,
				6F54E94827B1E8CB009DF2F6 /* Front DAM Project 2022UITests.xctest */,
			);
			name = Products;
			sourceTree = "<group>";
		};
		6F54E93027B1E8CA009DF2F6 /* Front DAM Project 2022 */ = {
			isa = PBXGroup;
			children = (
				6F0443F527BE7E7A00F565F3 /* DAO */,
				6F0443F027BE3D9200F565F3 /* DTO */,
				6FB656FD27BD372F006F5146 /* Helper */,
				6F54E95D27B1E9C9009DF2F6 /* Intent */,
				6F54E95B27B1E9B3009DF2F6 /* Model */,
				6F54E95E27B1EA0B009DF2F6 /* View */,
				6F54E95C27B1E9BE009DF2F6 /* ViewModel */,
				6F54E93127B1E8CA009DF2F6 /* Front_DAM_Project_2022App.swift */,
				6F54E93327B1E8CA009DF2F6 /* ContentView.swift */,
				6F54E93527B1E8CB009DF2F6 /* Assets.xcassets */,
				6F54E93727B1E8CB009DF2F6 /* Preview Content */,
			);
			path = "Front DAM Project 2022";
			sourceTree = "<group>";
		};
		6F54E93727B1E8CB009DF2F6 /* Preview Content */ = {
			isa = PBXGroup;
			children = (
				6F54E93827B1E8CB009DF2F6 /* Preview Assets.xcassets */,
			);
			path = "Preview Content";
			sourceTree = "<group>";
		};
		6F54E94127B1E8CB009DF2F6 /* Front DAM Project 2022Tests */ = {
			isa = PBXGroup;
			children = (
				6F54E94227B1E8CB009DF2F6 /* Front_DAM_Project_2022Tests.swift */,
			);
			path = "Front DAM Project 2022Tests";
			sourceTree = "<group>";
		};
		6F54E94B27B1E8CB009DF2F6 /* Front DAM Project 2022UITests */ = {
			isa = PBXGroup;
			children = (
				6F54E94C27B1E8CB009DF2F6 /* Front_DAM_Project_2022UITests.swift */,
				6F54E94E27B1E8CB009DF2F6 /* Front_DAM_Project_2022UITestsLaunchTests.swift */,
			);
			path = "Front DAM Project 2022UITests";
			sourceTree = "<group>";
		};
		6F54E95B27B1E9B3009DF2F6 /* Model */ = {
			isa = PBXGroup;
			children = (
				6F9EA34C27BDA1AF0024DAB1 /* FicheTechnique */,
				6F11387E27B67CE20048F029 /* Ingredient */,
				6F2FF76B27B564A500ED2EE0 /* Utils */,
			);
			path = Model;
			sourceTree = "<group>";
		};
		6F54E95C27B1E9BE009DF2F6 /* ViewModel */ = {
			isa = PBXGroup;
			children = (
				6F835C1C27BEDEBD009DCA40 /* Utils */,
				6F9EA34D27BDA27F0024DAB1 /* FicheTechnique */,
				6F11388327B6872E0048F029 /* Ingredient */,
			);
			path = ViewModel;
			sourceTree = "<group>";
		};
		6F54E95D27B1E9C9009DF2F6 /* Intent */ = {
			isa = PBXGroup;
			children = (
				6F43CB9F27C38EB9001A39C5 /* ListIngredientIntent.swift */,
				6F43CBB127C46ABB001A39C5 /* IngredientIntent.swift */,
			);
			path = Intent;
			sourceTree = "<group>";
		};
		6F54E95E27B1EA0B009DF2F6 /* View */ = {
			isa = PBXGroup;
			children = (
				6F212FD527BD0DDC00E32435 /* Parameter */,
				6FED6DE227B5A2C3000649E8 /* Utils */,
				6F2FF76E27B578AE00ED2EE0 /* Menus */,
				6F2FF76727B54E4300ED2EE0 /* HomeView.swift */,
				6F54E96127B1EA38009DF2F6 /* Stocks */,
				6F54E96027B1EA29009DF2F6 /* FichesTechniques */,
				6F54E95F27B1EA15009DF2F6 /* Mercurial */,
			);
			path = View;
			sourceTree = "<group>";
		};
		6F54E95F27B1EA15009DF2F6 /* Mercurial */ = {
			isa = PBXGroup;
			children = (
				6F54E96427B1EDEC009DF2F6 /* MercurialView.swift */,
				6FED6DE527B5AF97000649E8 /* IngredientDetailView.swift */,
				6F11388627B69A070048F029 /* IngredientModifyView.swift */,
				6F11388827B6A5A90048F029 /* IngredientAddView.swift */,
				6FE2A6C227BFDF7300EEF94D /* AllergenesView.swift */,
			);
			path = Mercurial;
			sourceTree = "<group>";
		};
		6F54E96027B1EA29009DF2F6 /* FichesTechniques */ = {
			isa = PBXGroup;
			children = (
				6FABF0FC27C7E55800EA9AAA /* Details */,
				6FCAC3B927BCFDBB006ADDDC /* FTView.swift */,
				6FCAC3BB27BCFF0D006ADDDC /* FTDetailView.swift */,
			);
			path = FichesTechniques;
			sourceTree = "<group>";
		};
		6F54E96127B1EA38009DF2F6 /* Stocks */ = {
			isa = PBXGroup;
			children = (
				6FCAC3B627BCF6E4006ADDDC /* Ventes */,
				6FCAC3B527BCF6CB006ADDDC /* Choices */,
				6F1BD40D27B9B2AF001E50AA /* CategoryEntriesView.swift */,
				6F1BD40F27B9B2CF001E50AA /* EntriesView.swift */,
				6F1BD40B27B9AFBC001E50AA /* IngredientChoiceEntriesView.swift */,
				6FCAC3B727BCF77B006ADDDC /* RealizeSalesView.swift */,
			);
			path = Stocks;
			sourceTree = "<group>";
		};
		6F835C1C27BEDEBD009DCA40 /* Utils */ = {
			isa = PBXGroup;
			children = (
				6F835C1D27BEDEE5009DCA40 /* ParametersViewModel.swift */,
			);
			path = Utils;
			sourceTree = "<group>";
		};
		6F9EA34C27BDA1AF0024DAB1 /* FicheTechnique */ = {
			isa = PBXGroup;
			children = (
				6F9EA34A27BDA1730024DAB1 /* FicheTechniqueModel.swift */,
				6F43CBA327C39C1A001A39C5 /* CategoriesModel.swift */,
				6F43CBA527C39F62001A39C5 /* ListCategoriesModel.swift */,
				6FABF0FA27C7740D00EA9AAA /* PhaseModel.swift */,
			);
			path = FicheTechnique;
			sourceTree = "<group>";
		};
		6F9EA34D27BDA27F0024DAB1 /* FicheTechnique */ = {
			isa = PBXGroup;
			children = (
				6F9EA34E27BDA29B0024DAB1 /* FicheTechniqueViewModel.swift */,
				6F9EA35027BDA3630024DAB1 /* ListFicheTechniqueViewModel.swift */,
				6F43CBA727C39FF3001A39C5 /* ListCategorieFTViewModel.swift */,
			);
			path = FicheTechnique;
			sourceTree = "<group>";
		};
		6FABF0FC27C7E55800EA9AAA /* Details */ = {
			isa = PBXGroup;
			children = (
				6FABF0FD27C7E56A00EA9AAA /* GlobalFicheInformationView.swift */,
				6F87805227CD29DB00690706 /* ListPhasesView.swift */,
			);
			path = Details;
			sourceTree = "<group>";
		};
		6FB656FD27BD372F006F5146 /* Helper */ = {
			isa = PBXGroup;
			children = (
				6FB656FE27BD374C006F5146 /* JSONHelper.swift */,
				6F0443EE27BE3CA500F565F3 /* URLSession.swift */,
			);
			path = Helper;
			sourceTree = "<group>";
		};
		6FCAC3B527BCF6CB006ADDDC /* Choices */ = {
			isa = PBXGroup;
			children = (
				6F94B3BD27C5116E00AF909A /* CategoryChoiceView.swift */,
				6F87804A27C919E800690706 /* ModifyStocksView.swift */,
				6F87804C27C91EEE00690706 /* IngredientStockChoiceView.swift */,
				6F87804E27CCE3A000690706 /* IngredientStockView.swift */,
			);
			path = Choices;
			sourceTree = "<group>";
		};
		6FCAC3B627BCF6E4006ADDDC /* Ventes */ = {
			isa = PBXGroup;
			children = (
				6F9EA34627BD770F0024DAB1 /* FTChoiceView.swift */,
			);
			path = Ventes;
			sourceTree = "<group>";
		};
		6FED6DE227B5A2C3000649E8 /* Utils */ = {
			isa = PBXGroup;
			children = (
				6FED6DE327B5A2EB000649E8 /* SearchBarView.swift */,
				6F835C1F27BEEAFA009DCA40 /* CustomDoubleStepperView.swift */,
				6F43CB9A27C2D52D001A39C5 /* CustomIngredientListView.swift */,
				6F43CB9C27C2F139001A39C5 /* CustomFTListView.swift */,
				6F43CBAD27C4362B001A39C5 /* CustomIntStepperView.swift */,
			);
			path = Utils;
			sourceTree = "<group>";
		};
/* End PBXGroup section */

/* Begin PBXNativeTarget section */
		6F54E92D27B1E8CA009DF2F6 /* Front DAM Project 2022 */ = {
			isa = PBXNativeTarget;
			buildConfigurationList = 6F54E95227B1E8CB009DF2F6 /* Build configuration list for PBXNativeTarget "Front DAM Project 2022" */;
			buildPhases = (
				6F54E92A27B1E8CA009DF2F6 /* Sources */,
				6F54E92B27B1E8CA009DF2F6 /* Frameworks */,
				6F54E92C27B1E8CA009DF2F6 /* Resources */,
			);
			buildRules = (
			);
			dependencies = (
			);
			name = "Front DAM Project 2022";
			productName = "Front DAM Project 2022";
			productReference = 6F54E92E27B1E8CA009DF2F6 /* Front DAM Project 2022.app */;
			productType = "com.apple.product-type.application";
		};
		6F54E93D27B1E8CB009DF2F6 /* Front DAM Project 2022Tests */ = {
			isa = PBXNativeTarget;
			buildConfigurationList = 6F54E95527B1E8CB009DF2F6 /* Build configuration list for PBXNativeTarget "Front DAM Project 2022Tests" */;
			buildPhases = (
				6F54E93A27B1E8CB009DF2F6 /* Sources */,
				6F54E93B27B1E8CB009DF2F6 /* Frameworks */,
				6F54E93C27B1E8CB009DF2F6 /* Resources */,
			);
			buildRules = (
			);
			dependencies = (
				6F54E94027B1E8CB009DF2F6 /* PBXTargetDependency */,
			);
			name = "Front DAM Project 2022Tests";
			productName = "Front DAM Project 2022Tests";
			productReference = 6F54E93E27B1E8CB009DF2F6 /* Front DAM Project 2022Tests.xctest */;
			productType = "com.apple.product-type.bundle.unit-test";
		};
		6F54E94727B1E8CB009DF2F6 /* Front DAM Project 2022UITests */ = {
			isa = PBXNativeTarget;
			buildConfigurationList = 6F54E95827B1E8CB009DF2F6 /* Build configuration list for PBXNativeTarget "Front DAM Project 2022UITests" */;
			buildPhases = (
				6F54E94427B1E8CB009DF2F6 /* Sources */,
				6F54E94527B1E8CB009DF2F6 /* Frameworks */,
				6F54E94627B1E8CB009DF2F6 /* Resources */,
			);
			buildRules = (
			);
			dependencies = (
				6F54E94A27B1E8CB009DF2F6 /* PBXTargetDependency */,
			);
			name = "Front DAM Project 2022UITests";
			productName = "Front DAM Project 2022UITests";
			productReference = 6F54E94827B1E8CB009DF2F6 /* Front DAM Project 2022UITests.xctest */;
			productType = "com.apple.product-type.bundle.ui-testing";
		};
/* End PBXNativeTarget section */

/* Begin PBXProject section */
		6F54E92627B1E8CA009DF2F6 /* Project object */ = {
			isa = PBXProject;
			attributes = {
				BuildIndependentTargetsInParallel = 1;
				LastSwiftUpdateCheck = 1310;
				LastUpgradeCheck = 1310;
				TargetAttributes = {
					6F54E92D27B1E8CA009DF2F6 = {
						CreatedOnToolsVersion = 13.1;
					};
					6F54E93D27B1E8CB009DF2F6 = {
						CreatedOnToolsVersion = 13.1;
						TestTargetID = 6F54E92D27B1E8CA009DF2F6;
					};
					6F54E94727B1E8CB009DF2F6 = {
						CreatedOnToolsVersion = 13.1;
						TestTargetID = 6F54E92D27B1E8CA009DF2F6;
					};
				};
			};
			buildConfigurationList = 6F54E92927B1E8CA009DF2F6 /* Build configuration list for PBXProject "Front DAM Project 2022" */;
			compatibilityVersion = "Xcode 13.0";
			developmentRegion = en;
			hasScannedForEncodings = 0;
			knownRegions = (
				en,
				Base,
			);
			mainGroup = 6F54E92527B1E8CA009DF2F6;
			productRefGroup = 6F54E92F27B1E8CA009DF2F6 /* Products */;
			projectDirPath = "";
			projectRoot = "";
			targets = (
				6F54E92D27B1E8CA009DF2F6 /* Front DAM Project 2022 */,
				6F54E93D27B1E8CB009DF2F6 /* Front DAM Project 2022Tests */,
				6F54E94727B1E8CB009DF2F6 /* Front DAM Project 2022UITests */,
			);
		};
/* End PBXProject section */

/* Begin PBXResourcesBuildPhase section */
		6F54E92C27B1E8CA009DF2F6 /* Resources */ = {
			isa = PBXResourcesBuildPhase;
			buildActionMask = 2147483647;
			files = (
				6F54E93927B1E8CB009DF2F6 /* Preview Assets.xcassets in Resources */,
				6F54E93627B1E8CB009DF2F6 /* Assets.xcassets in Resources */,
			);
			runOnlyForDeploymentPostprocessing = 0;
		};
		6F54E93C27B1E8CB009DF2F6 /* Resources */ = {
			isa = PBXResourcesBuildPhase;
			buildActionMask = 2147483647;
			files = (
			);
			runOnlyForDeploymentPostprocessing = 0;
		};
		6F54E94627B1E8CB009DF2F6 /* Resources */ = {
			isa = PBXResourcesBuildPhase;
			buildActionMask = 2147483647;
			files = (
			);
			runOnlyForDeploymentPostprocessing = 0;
		};
/* End PBXResourcesBuildPhase section */

/* Begin PBXSourcesBuildPhase section */
		6F54E92A27B1E8CA009DF2F6 /* Sources */ = {
			isa = PBXSourcesBuildPhase;
			buildActionMask = 2147483647;
			files = (
				6F43CBAE27C4362B001A39C5 /* CustomIntStepperView.swift in Sources */,
				6FABF0FB27C7740D00EA9AAA /* PhaseModel.swift in Sources */,
				6FE2A6C527BFEF9B00EEF94D /* FicheTechniqueDTO.swift in Sources */,
				6F2FF77427B57AB600ED2EE0 /* FTMenuView.swift in Sources */,
				6FED6DE427B5A2EB000649E8 /* SearchBarView.swift in Sources */,
				6F0443F227BE3DC300F565F3 /* IngredientDTO.swift in Sources */,
				6FABF0F927C6D4F300EA9AAA /* PhaseDTO.swift in Sources */,
				6F43CBA627C39F62001A39C5 /* ListCategoriesModel.swift in Sources */,
				6F2FF76D27B564C600ED2EE0 /* MyColors.swift in Sources */,
				6F9EA35127BDA3630024DAB1 /* ListFicheTechniqueViewModel.swift in Sources */,
				6F54E96527B1EDEC009DF2F6 /* MercurialView.swift in Sources */,
				6F87804D27C91EEE00690706 /* IngredientStockChoiceView.swift in Sources */,
				6FCAC3B827BCF77B006ADDDC /* RealizeSalesView.swift in Sources */,
				6FE2A6C327BFDF7300EEF94D /* AllergenesView.swift in Sources */,
				6F87805327CD29DB00690706 /* ListPhasesView.swift in Sources */,
				6F94B3BE27C5116E00AF909A /* CategoryChoiceView.swift in Sources */,
				6F43CBA827C39FF3001A39C5 /* ListCategorieFTViewModel.swift in Sources */,
				6F43CB9B27C2D52D001A39C5 /* CustomIngredientListView.swift in Sources */,
				6F2FF76827B54E4300ED2EE0 /* HomeView.swift in Sources */,
				6F87804F27CCE3A000690706 /* IngredientStockView.swift in Sources */,
				6F1BD41027B9B2CF001E50AA /* EntriesView.swift in Sources */,
				6F43CBAA27C3A095001A39C5 /* CategoriesDAO.swift in Sources */,
				6F11388727B69A070048F029 /* IngredientModifyView.swift in Sources */,
				6F43CB9D27C2F139001A39C5 /* CustomFTListView.swift in Sources */,
				6F43CBA227C39515001A39C5 /* ListIngredientModel.swift in Sources */,
				6F54E93427B1E8CA009DF2F6 /* ContentView.swift in Sources */,
				6F11388527B687460048F029 /* IngredientViewModel.swift in Sources */,
				6F9EA34927BD7D2B0024DAB1 /* ListIngredientViewModel.swift in Sources */,
				6F11388927B6A5A90048F029 /* IngredientAddView.swift in Sources */,
				6F0443F427BE5E9B00F565F3 /* ParameterModel.swift in Sources */,
				6F87804B27C919E800690706 /* ModifyStocksView.swift in Sources */,
				6F11388027B67D1E0048F029 /* IngredientModel.swift in Sources */,
				6F43CBA027C38EB9001A39C5 /* ListIngredientIntent.swift in Sources */,
				6F43CBB027C44087001A39C5 /* ListCategoriesViewModel.swift in Sources */,
				6F11388227B67E0B0048F029 /* Unite.swift in Sources */,
				6F835C1E27BEDEE5009DCA40 /* ParametersViewModel.swift in Sources */,
				6F835C1B27BED363009DCA40 /* ParameterDTO.swift in Sources */,
				6F835C1927BED2DB009DCA40 /* ParameterDAO.swift in Sources */,
				6F9EA34727BD770F0024DAB1 /* FTChoiceView.swift in Sources */,
				6FB656FF27BD374C006F5146 /* JSONHelper.swift in Sources */,
				6F9EA34B27BDA1730024DAB1 /* FicheTechniqueModel.swift in Sources */,
				6F1BD40E27B9B2AF001E50AA /* CategoryEntriesView.swift in Sources */,
				6F87805127CCF56F00690706 /* ListOfIngredientViewModel.swift in Sources */,
				6F212FD727BD0DED00E32435 /* ParameterView.swift in Sources */,
				6F0443F727BE7E8D00F565F3 /* IngredientDAO.swift in Sources */,
				6F9EA34F27BDA29B0024DAB1 /* FicheTechniqueViewModel.swift in Sources */,
				6F835C2027BEEAFA009DCA40 /* CustomDoubleStepperView.swift in Sources */,
				6FCAC3BC27BCFF0D006ADDDC /* FTDetailView.swift in Sources */,
				6FABF0FE27C7E56A00EA9AAA /* GlobalFicheInformationView.swift in Sources */,
				6F2FF77227B57A3000ED2EE0 /* MercurialMenuView.swift in Sources */,
				6F43CBAC27C3A129001A39C5 /* CategorieDTO.swift in Sources */,
				6F43CBB227C46ABB001A39C5 /* IngredientIntent.swift in Sources */,
				6F2FF77627B5812200ED2EE0 /* StocksMenuView.swift in Sources */,
				6FCAC3BA27BCFDBB006ADDDC /* FTView.swift in Sources */,
				6FE2A6C727BFF5A500EEF94D /* FicheTechniqueDAO.swift in Sources */,
				6F43CBA427C39C1A001A39C5 /* CategoriesModel.swift in Sources */,
				6FED6DE627B5AF97000649E8 /* IngredientDetailView.swift in Sources */,
				6F54E93227B1E8CA009DF2F6 /* Front_DAM_Project_2022App.swift in Sources */,
				6F0443EF27BE3CA500F565F3 /* URLSession.swift in Sources */,
				6F1BD40C27B9AFBC001E50AA /* IngredientChoiceEntriesView.swift in Sources */,
			);
			runOnlyForDeploymentPostprocessing = 0;
		};
		6F54E93A27B1E8CB009DF2F6 /* Sources */ = {
			isa = PBXSourcesBuildPhase;
			buildActionMask = 2147483647;
			files = (
				6F54E94327B1E8CB009DF2F6 /* Front_DAM_Project_2022Tests.swift in Sources */,
			);
			runOnlyForDeploymentPostprocessing = 0;
		};
		6F54E94427B1E8CB009DF2F6 /* Sources */ = {
			isa = PBXSourcesBuildPhase;
			buildActionMask = 2147483647;
			files = (
				6F54E94D27B1E8CB009DF2F6 /* Front_DAM_Project_2022UITests.swift in Sources */,
				6F54E94F27B1E8CB009DF2F6 /* Front_DAM_Project_2022UITestsLaunchTests.swift in Sources */,
			);
			runOnlyForDeploymentPostprocessing = 0;
		};
/* End PBXSourcesBuildPhase section */

/* Begin PBXTargetDependency section */
		6F54E94027B1E8CB009DF2F6 /* PBXTargetDependency */ = {
			isa = PBXTargetDependency;
			target = 6F54E92D27B1E8CA009DF2F6 /* Front DAM Project 2022 */;
			targetProxy = 6F54E93F27B1E8CB009DF2F6 /* PBXContainerItemProxy */;
		};
		6F54E94A27B1E8CB009DF2F6 /* PBXTargetDependency */ = {
			isa = PBXTargetDependency;
			target = 6F54E92D27B1E8CA009DF2F6 /* Front DAM Project 2022 */;
			targetProxy = 6F54E94927B1E8CB009DF2F6 /* PBXContainerItemProxy */;
		};
/* End PBXTargetDependency section */

/* Begin XCBuildConfiguration section */
		6F54E95027B1E8CB009DF2F6 /* Debug */ = {
			isa = XCBuildConfiguration;
			buildSettings = {
				ALWAYS_SEARCH_USER_PATHS = NO;
				CLANG_ANALYZER_NONNULL = YES;
				CLANG_ANALYZER_NUMBER_OBJECT_CONVERSION = YES_AGGRESSIVE;
				CLANG_CXX_LANGUAGE_STANDARD = "gnu++17";
				CLANG_CXX_LIBRARY = "libc++";
				CLANG_ENABLE_MODULES = YES;
				CLANG_ENABLE_OBJC_ARC = YES;
				CLANG_ENABLE_OBJC_WEAK = YES;
				CLANG_WARN_BLOCK_CAPTURE_AUTORELEASING = YES;
				CLANG_WARN_BOOL_CONVERSION = YES;
				CLANG_WARN_COMMA = YES;
				CLANG_WARN_CONSTANT_CONVERSION = YES;
				CLANG_WARN_DEPRECATED_OBJC_IMPLEMENTATIONS = YES;
				CLANG_WARN_DIRECT_OBJC_ISA_USAGE = YES_ERROR;
				CLANG_WARN_DOCUMENTATION_COMMENTS = YES;
				CLANG_WARN_EMPTY_BODY = YES;
				CLANG_WARN_ENUM_CONVERSION = YES;
				CLANG_WARN_INFINITE_RECURSION = YES;
				CLANG_WARN_INT_CONVERSION = YES;
				CLANG_WARN_NON_LITERAL_NULL_CONVERSION = YES;
				CLANG_WARN_OBJC_IMPLICIT_RETAIN_SELF = YES;
				CLANG_WARN_OBJC_LITERAL_CONVERSION = YES;
				CLANG_WARN_OBJC_ROOT_CLASS = YES_ERROR;
				CLANG_WARN_QUOTED_INCLUDE_IN_FRAMEWORK_HEADER = YES;
				CLANG_WARN_RANGE_LOOP_ANALYSIS = YES;
				CLANG_WARN_STRICT_PROTOTYPES = YES;
				CLANG_WARN_SUSPICIOUS_MOVE = YES;
				CLANG_WARN_UNGUARDED_AVAILABILITY = YES_AGGRESSIVE;
				CLANG_WARN_UNREACHABLE_CODE = YES;
				CLANG_WARN__DUPLICATE_METHOD_MATCH = YES;
				COPY_PHASE_STRIP = NO;
				DEBUG_INFORMATION_FORMAT = dwarf;
				ENABLE_STRICT_OBJC_MSGSEND = YES;
				ENABLE_TESTABILITY = YES;
				GCC_C_LANGUAGE_STANDARD = gnu11;
				GCC_DYNAMIC_NO_PIC = NO;
				GCC_NO_COMMON_BLOCKS = YES;
				GCC_OPTIMIZATION_LEVEL = 0;
				GCC_PREPROCESSOR_DEFINITIONS = (
					"DEBUG=1",
					"$(inherited)",
				);
				GCC_WARN_64_TO_32_BIT_CONVERSION = YES;
				GCC_WARN_ABOUT_RETURN_TYPE = YES_ERROR;
				GCC_WARN_UNDECLARED_SELECTOR = YES;
				GCC_WARN_UNINITIALIZED_AUTOS = YES_AGGRESSIVE;
				GCC_WARN_UNUSED_FUNCTION = YES;
				GCC_WARN_UNUSED_VARIABLE = YES;
				IPHONEOS_DEPLOYMENT_TARGET = 15.0;
				MTL_ENABLE_DEBUG_INFO = INCLUDE_SOURCE;
				MTL_FAST_MATH = YES;
				ONLY_ACTIVE_ARCH = YES;
				SDKROOT = iphoneos;
				SWIFT_ACTIVE_COMPILATION_CONDITIONS = DEBUG;
				SWIFT_OPTIMIZATION_LEVEL = "-Onone";
			};
			name = Debug;
		};
		6F54E95127B1E8CB009DF2F6 /* Release */ = {
			isa = XCBuildConfiguration;
			buildSettings = {
				ALWAYS_SEARCH_USER_PATHS = NO;
				CLANG_ANALYZER_NONNULL = YES;
				CLANG_ANALYZER_NUMBER_OBJECT_CONVERSION = YES_AGGRESSIVE;
				CLANG_CXX_LANGUAGE_STANDARD = "gnu++17";
				CLANG_CXX_LIBRARY = "libc++";
				CLANG_ENABLE_MODULES = YES;
				CLANG_ENABLE_OBJC_ARC = YES;
				CLANG_ENABLE_OBJC_WEAK = YES;
				CLANG_WARN_BLOCK_CAPTURE_AUTORELEASING = YES;
				CLANG_WARN_BOOL_CONVERSION = YES;
				CLANG_WARN_COMMA = YES;
				CLANG_WARN_CONSTANT_CONVERSION = YES;
				CLANG_WARN_DEPRECATED_OBJC_IMPLEMENTATIONS = YES;
				CLANG_WARN_DIRECT_OBJC_ISA_USAGE = YES_ERROR;
				CLANG_WARN_DOCUMENTATION_COMMENTS = YES;
				CLANG_WARN_EMPTY_BODY = YES;
				CLANG_WARN_ENUM_CONVERSION = YES;
				CLANG_WARN_INFINITE_RECURSION = YES;
				CLANG_WARN_INT_CONVERSION = YES;
				CLANG_WARN_NON_LITERAL_NULL_CONVERSION = YES;
				CLANG_WARN_OBJC_IMPLICIT_RETAIN_SELF = YES;
				CLANG_WARN_OBJC_LITERAL_CONVERSION = YES;
				CLANG_WARN_OBJC_ROOT_CLASS = YES_ERROR;
				CLANG_WARN_QUOTED_INCLUDE_IN_FRAMEWORK_HEADER = YES;
				CLANG_WARN_RANGE_LOOP_ANALYSIS = YES;
				CLANG_WARN_STRICT_PROTOTYPES = YES;
				CLANG_WARN_SUSPICIOUS_MOVE = YES;
				CLANG_WARN_UNGUARDED_AVAILABILITY = YES_AGGRESSIVE;
				CLANG_WARN_UNREACHABLE_CODE = YES;
				CLANG_WARN__DUPLICATE_METHOD_MATCH = YES;
				COPY_PHASE_STRIP = NO;
				DEBUG_INFORMATION_FORMAT = "dwarf-with-dsym";
				ENABLE_NS_ASSERTIONS = NO;
				ENABLE_STRICT_OBJC_MSGSEND = YES;
				GCC_C_LANGUAGE_STANDARD = gnu11;
				GCC_NO_COMMON_BLOCKS = YES;
				GCC_WARN_64_TO_32_BIT_CONVERSION = YES;
				GCC_WARN_ABOUT_RETURN_TYPE = YES_ERROR;
				GCC_WARN_UNDECLARED_SELECTOR = YES;
				GCC_WARN_UNINITIALIZED_AUTOS = YES_AGGRESSIVE;
				GCC_WARN_UNUSED_FUNCTION = YES;
				GCC_WARN_UNUSED_VARIABLE = YES;
				IPHONEOS_DEPLOYMENT_TARGET = 15.0;
				MTL_ENABLE_DEBUG_INFO = NO;
				MTL_FAST_MATH = YES;
				SDKROOT = iphoneos;
				SWIFT_COMPILATION_MODE = wholemodule;
				SWIFT_OPTIMIZATION_LEVEL = "-O";
				VALIDATE_PRODUCT = YES;
			};
			name = Release;
		};
		6F54E95327B1E8CB009DF2F6 /* Debug */ = {
			isa = XCBuildConfiguration;
			buildSettings = {
				ASSETCATALOG_COMPILER_APPICON_NAME = AppIcon;
				ASSETCATALOG_COMPILER_GLOBAL_ACCENT_COLOR_NAME = AccentColor;
				CODE_SIGN_STYLE = Automatic;
				CURRENT_PROJECT_VERSION = 1;
				DEVELOPMENT_ASSET_PATHS = "\"Front DAM Project 2022/Preview Content\"";
				ENABLE_PREVIEWS = YES;
				GENERATE_INFOPLIST_FILE = YES;
				INFOPLIST_KEY_UIApplicationSceneManifest_Generation = YES;
				INFOPLIST_KEY_UIApplicationSupportsIndirectInputEvents = YES;
				INFOPLIST_KEY_UILaunchScreen_Generation = YES;
				INFOPLIST_KEY_UISupportedInterfaceOrientations_iPad = "UIInterfaceOrientationPortrait UIInterfaceOrientationPortraitUpsideDown UIInterfaceOrientationLandscapeLeft UIInterfaceOrientationLandscapeRight";
				INFOPLIST_KEY_UISupportedInterfaceOrientations_iPhone = "UIInterfaceOrientationPortrait UIInterfaceOrientationLandscapeLeft UIInterfaceOrientationLandscapeRight";
				LD_RUNPATH_SEARCH_PATHS = (
					"$(inherited)",
					"@executable_path/Frameworks",
				);
				MARKETING_VERSION = 1.0;
				PRODUCT_BUNDLE_IDENTIFIER = "dumaire.Front-DAM-Project-2022";
				PRODUCT_NAME = "$(TARGET_NAME)";
				SWIFT_EMIT_LOC_STRINGS = YES;
				SWIFT_VERSION = 5.0;
				TARGETED_DEVICE_FAMILY = "1,2";
			};
			name = Debug;
		};
		6F54E95427B1E8CB009DF2F6 /* Release */ = {
			isa = XCBuildConfiguration;
			buildSettings = {
				ASSETCATALOG_COMPILER_APPICON_NAME = AppIcon;
				ASSETCATALOG_COMPILER_GLOBAL_ACCENT_COLOR_NAME = AccentColor;
				CODE_SIGN_STYLE = Automatic;
				CURRENT_PROJECT_VERSION = 1;
				DEVELOPMENT_ASSET_PATHS = "\"Front DAM Project 2022/Preview Content\"";
				ENABLE_PREVIEWS = YES;
				GENERATE_INFOPLIST_FILE = YES;
				INFOPLIST_KEY_UIApplicationSceneManifest_Generation = YES;
				INFOPLIST_KEY_UIApplicationSupportsIndirectInputEvents = YES;
				INFOPLIST_KEY_UILaunchScreen_Generation = YES;
				INFOPLIST_KEY_UISupportedInterfaceOrientations_iPad = "UIInterfaceOrientationPortrait UIInterfaceOrientationPortraitUpsideDown UIInterfaceOrientationLandscapeLeft UIInterfaceOrientationLandscapeRight";
				INFOPLIST_KEY_UISupportedInterfaceOrientations_iPhone = "UIInterfaceOrientationPortrait UIInterfaceOrientationLandscapeLeft UIInterfaceOrientationLandscapeRight";
				LD_RUNPATH_SEARCH_PATHS = (
					"$(inherited)",
					"@executable_path/Frameworks",
				);
				MARKETING_VERSION = 1.0;
				PRODUCT_BUNDLE_IDENTIFIER = "dumaire.Front-DAM-Project-2022";
				PRODUCT_NAME = "$(TARGET_NAME)";
				SWIFT_EMIT_LOC_STRINGS = YES;
				SWIFT_VERSION = 5.0;
				TARGETED_DEVICE_FAMILY = "1,2";
			};
			name = Release;
		};
		6F54E95627B1E8CB009DF2F6 /* Debug */ = {
			isa = XCBuildConfiguration;
			buildSettings = {
				ALWAYS_EMBED_SWIFT_STANDARD_LIBRARIES = YES;
				BUNDLE_LOADER = "$(TEST_HOST)";
				CODE_SIGN_STYLE = Automatic;
				CURRENT_PROJECT_VERSION = 1;
				GENERATE_INFOPLIST_FILE = YES;
				IPHONEOS_DEPLOYMENT_TARGET = 15.0;
				LD_RUNPATH_SEARCH_PATHS = (
					"$(inherited)",
					"@executable_path/Frameworks",
					"@loader_path/Frameworks",
				);
				MARKETING_VERSION = 1.0;
				PRODUCT_BUNDLE_IDENTIFIER = "dumaire.Front-DAM-Project-2022Tests";
				PRODUCT_NAME = "$(TARGET_NAME)";
				SWIFT_EMIT_LOC_STRINGS = NO;
				SWIFT_VERSION = 5.0;
				TARGETED_DEVICE_FAMILY = "1,2";
				TEST_HOST = "$(BUILT_PRODUCTS_DIR)/Front DAM Project 2022.app/Front DAM Project 2022";
			};
			name = Debug;
		};
		6F54E95727B1E8CB009DF2F6 /* Release */ = {
			isa = XCBuildConfiguration;
			buildSettings = {
				ALWAYS_EMBED_SWIFT_STANDARD_LIBRARIES = YES;
				BUNDLE_LOADER = "$(TEST_HOST)";
				CODE_SIGN_STYLE = Automatic;
				CURRENT_PROJECT_VERSION = 1;
				GENERATE_INFOPLIST_FILE = YES;
				IPHONEOS_DEPLOYMENT_TARGET = 15.0;
				LD_RUNPATH_SEARCH_PATHS = (
					"$(inherited)",
					"@executable_path/Frameworks",
					"@loader_path/Frameworks",
				);
				MARKETING_VERSION = 1.0;
				PRODUCT_BUNDLE_IDENTIFIER = "dumaire.Front-DAM-Project-2022Tests";
				PRODUCT_NAME = "$(TARGET_NAME)";
				SWIFT_EMIT_LOC_STRINGS = NO;
				SWIFT_VERSION = 5.0;
				TARGETED_DEVICE_FAMILY = "1,2";
				TEST_HOST = "$(BUILT_PRODUCTS_DIR)/Front DAM Project 2022.app/Front DAM Project 2022";
			};
			name = Release;
		};
		6F54E95927B1E8CB009DF2F6 /* Debug */ = {
			isa = XCBuildConfiguration;
			buildSettings = {
				ALWAYS_EMBED_SWIFT_STANDARD_LIBRARIES = YES;
				CODE_SIGN_STYLE = Automatic;
				CURRENT_PROJECT_VERSION = 1;
				DEVELOPMENT_TEAM = PT598M3YN3;
				GENERATE_INFOPLIST_FILE = YES;
				LD_RUNPATH_SEARCH_PATHS = (
					"$(inherited)",
					"@executable_path/Frameworks",
					"@loader_path/Frameworks",
				);
				MARKETING_VERSION = 1.0;
				PRODUCT_BUNDLE_IDENTIFIER = "dumaire.Front-DAM-Project-2022UITests";
				PRODUCT_NAME = "$(TARGET_NAME)";
				SWIFT_EMIT_LOC_STRINGS = NO;
				SWIFT_VERSION = 5.0;
				TARGETED_DEVICE_FAMILY = "1,2";
				TEST_TARGET_NAME = "Front DAM Project 2022";
			};
			name = Debug;
		};
		6F54E95A27B1E8CB009DF2F6 /* Release */ = {
			isa = XCBuildConfiguration;
			buildSettings = {
				ALWAYS_EMBED_SWIFT_STANDARD_LIBRARIES = YES;
				CODE_SIGN_STYLE = Automatic;
				CURRENT_PROJECT_VERSION = 1;
				DEVELOPMENT_TEAM = PT598M3YN3;
				GENERATE_INFOPLIST_FILE = YES;
				LD_RUNPATH_SEARCH_PATHS = (
					"$(inherited)",
					"@executable_path/Frameworks",
					"@loader_path/Frameworks",
				);
				MARKETING_VERSION = 1.0;
				PRODUCT_BUNDLE_IDENTIFIER = "dumaire.Front-DAM-Project-2022UITests";
				PRODUCT_NAME = "$(TARGET_NAME)";
				SWIFT_EMIT_LOC_STRINGS = NO;
				SWIFT_VERSION = 5.0;
				TARGETED_DEVICE_FAMILY = "1,2";
				TEST_TARGET_NAME = "Front DAM Project 2022";
			};
			name = Release;
		};
/* End XCBuildConfiguration section */

/* Begin XCConfigurationList section */
		6F54E92927B1E8CA009DF2F6 /* Build configuration list for PBXProject "Front DAM Project 2022" */ = {
			isa = XCConfigurationList;
			buildConfigurations = (
				6F54E95027B1E8CB009DF2F6 /* Debug */,
				6F54E95127B1E8CB009DF2F6 /* Release */,
			);
			defaultConfigurationIsVisible = 0;
			defaultConfigurationName = Release;
		};
		6F54E95227B1E8CB009DF2F6 /* Build configuration list for PBXNativeTarget "Front DAM Project 2022" */ = {
			isa = XCConfigurationList;
			buildConfigurations = (
				6F54E95327B1E8CB009DF2F6 /* Debug */,
				6F54E95427B1E8CB009DF2F6 /* Release */,
			);
			defaultConfigurationIsVisible = 0;
			defaultConfigurationName = Release;
		};
		6F54E95527B1E8CB009DF2F6 /* Build configuration list for PBXNativeTarget "Front DAM Project 2022Tests" */ = {
			isa = XCConfigurationList;
			buildConfigurations = (
				6F54E95627B1E8CB009DF2F6 /* Debug */,
				6F54E95727B1E8CB009DF2F6 /* Release */,
			);
			defaultConfigurationIsVisible = 0;
			defaultConfigurationName = Release;
		};
		6F54E95827B1E8CB009DF2F6 /* Build configuration list for PBXNativeTarget "Front DAM Project 2022UITests" */ = {
			isa = XCConfigurationList;
			buildConfigurations = (
				6F54E95927B1E8CB009DF2F6 /* Debug */,
				6F54E95A27B1E8CB009DF2F6 /* Release */,
			);
			defaultConfigurationIsVisible = 0;
			defaultConfigurationName = Release;
		};
/* End XCConfigurationList section */
	};
	rootObject = 6F54E92627B1E8CA009DF2F6 /* Project object */;
}
